
Microsoft Visual Studio Solution File, Format Version 12.00
# Visual Studio 2012
Project("{FAE04EC0-301F-11D3-BF4B-00C04F79EFBC}") = "TodoApi", "TodoApi\TodoApi.csproj", "{97EC5ED9-ABB1-46BF-B45E-DD321B976274}"
EndProject
Global
	GlobalSection(SolutionConfigurationPlatforms) = preSolution
		Debug|Any CPU = Debug|Any CPU
		Release|Any CPU = Release|Any CPU
	EndGlobalSection
	GlobalSection(ProjectConfigurationPlatforms) = postSolution
		{97EC5ED9-ABB1-46BF-B45E-DD321B976274}.Debug|Any CPU.ActiveCfg = Debug|Any CPU
		{97EC5ED9-ABB1-46BF-B45E-DD321B976274}.Debug|Any CPU.Build.0 = Debug|Any CPU
		{97EC5ED9-ABB1-46BF-B45E-DD321B976274}.Release|Any CPU.ActiveCfg = Release|Any CPU
		{97EC5ED9-ABB1-46BF-B45E-DD321B976274}.Release|Any CPU.Build.0 = Release|Any CPU
	EndGlobalSection
EndGlobal
